
Microsoft Visual Studio Solution File, Format Version 12.00
# Visual Studio 14
VisualStudioVersion = 14.0.25420.1
MinimumVisualStudioVersion = 10.0.40219.1
Project("{2150E333-8FDC-42A3-9474-1A3956D46DE8}") = "Tests", "Tests", "{0BCF224A-F0ED-4D7D-ACE7-398C75888F0F}"
EndProject
Project("{2150E333-8FDC-42A3-9474-1A3956D46DE8}") = "Libraries", "Libraries", "{C76E8675-9290-4C7F-A3AC-2C9CA0C6F2E6}"
EndProject
Project("{2150E333-8FDC-42A3-9474-1A3956D46DE8}") = "Clients", "Clients", "{8D8E06DF-2C58-4E98-97BD-5BB8089C51C0}"
EndProject
Project("{FAE04EC0-301F-11D3-BF4B-00C04F79EFBC}") = "Laan.Sql.Formatter.Test", "Laan.SQL.Formatter.Test\Laan.Sql.Formatter.Test.csproj", "{0B133315-395D-46CC-8E50-513AB2E88A9E}"
EndProject
Project("{FAE04EC0-301F-11D3-BF4B-00C04F79EFBC}") = "Laan.Sql.Formatter", "Laan.SQL.Formatter\Laan.Sql.Formatter.csproj", "{5AF58723-F939-4955-9B29-2A6A0A4CFBA8}"
EndProject
Project("{FAE04EC0-301F-11D3-BF4B-00C04F79EFBC}") = "Laan.NHibernate.Appender", "Laan.NHibernate.Appender\Laan.NHibernate.Appender.csproj", "{1532F037-944F-4969-81BA-5A7C34E1D299}"
EndProject
Project("{FAE04EC0-301F-11D3-BF4B-00C04F79EFBC}") = "Laan.Sql.Parser", "Laan.SQL.Parser\Laan.Sql.Parser.csproj", "{E972B2B2-F549-418E-B830-FB5D97101168}"
EndProject
Project("{FAE04EC0-301F-11D3-BF4B-00C04F79EFBC}") = "Laan.Sql.Parser.Test", "Laan.SQL.Parser.Test\Laan.Sql.Parser.Test.csproj", "{1D0DE8C1-0D05-433B-93E7-AAB7A34A93BC}"
EndProject
Project("{FAE04EC0-301F-11D3-BF4B-00C04F79EFBC}") = "Laan.AddIns.Ssms", "Laan.AddIns.Ssms\Laan.AddIns.Ssms.csproj", "{54C786E5-FD14-4036-92AE-E9F25B71534B}"
EndProject
Project("{FAE04EC0-301F-11D3-BF4B-00C04F79EFBC}") = "Laan.NHibernate.Appender.Test", "Laan.NHibernate.Appender.Test\Laan.NHibernate.Appender.Test.csproj", "{C307A6B0-E866-4685-9227-3D13A744EFFB}"
EndProject
Project("{930C7802-8A8C-48F9-8165-68863BCCD9DD}") = "Laan.Sql.Tools.Installer", "Laan.Tools.Sql.Installer\Laan.Sql.Tools.Installer.wixproj", "{6D9B793E-778B-49DA-BF2B-F90C4590AE10}"
EndProject
Project("{FAE04EC0-301F-11D3-BF4B-00C04F79EFBC}") = "Options", "Options\Options.csproj", "{783BC160-5A11-4D4F-911C-084644A60FC1}"
EndProject
Project("{FAE04EC0-301F-11D3-BF4B-00C04F79EFBC}") = "Laan.Sql.Formatter.Web", "Laan.Sql.Formatter.Web\Laan.Sql.Formatter.Web.csproj", "{65E58DDB-1B1D-4233-9DD8-CFE41569826F}"
EndProject
Project("{2150E333-8FDC-42A3-9474-1A3956D46DE8}") = "Scripts", "Scripts", "{4411D8CD-4017-4161-A4C4-90654B1F3152}"
	ProjectSection(SolutionItems) = preProject
		Scripts\build-app.cmd = Scripts\build-app.cmd
		Scripts\build.ps1 = Scripts\build.ps1
	EndProjectSection
EndProject
Global
	GlobalSection(SolutionConfigurationPlatforms) = preSolution
		Debug|Any CPU = Debug|Any CPU
		Debug|Mixed Platforms = Debug|Mixed Platforms
		Debug|x86 = Debug|x86
		Release|Any CPU = Release|Any CPU
		Release|Mixed Platforms = Release|Mixed Platforms
		Release|x86 = Release|x86
		SsmsDeploy|Any CPU = SsmsDeploy|Any CPU
		SsmsDeploy|Mixed Platforms = SsmsDeploy|Mixed Platforms
		SsmsDeploy|x86 = SsmsDeploy|x86
	EndGlobalSection
	GlobalSection(ProjectConfigurationPlatforms) = postSolution
		{0B133315-395D-46CC-8E50-513AB2E88A9E}.Debug|Any CPU.ActiveCfg = Debug|Any CPU
		{0B133315-395D-46CC-8E50-513AB2E88A9E}.Debug|Any CPU.Build.0 = Debug|Any CPU
		{0B133315-395D-46CC-8E50-513AB2E88A9E}.Debug|Mixed Platforms.ActiveCfg = Debug|Any CPU
		{0B133315-395D-46CC-8E50-513AB2E88A9E}.Debug|Mixed Platforms.Build.0 = Debug|Any CPU
		{0B133315-395D-46CC-8E50-513AB2E88A9E}.Debug|x86.ActiveCfg = Debug|Any CPU
		{0B133315-395D-46CC-8E50-513AB2E88A9E}.Release|Any CPU.ActiveCfg = Release|Any CPU
		{0B133315-395D-46CC-8E50-513AB2E88A9E}.Release|Any CPU.Build.0 = Release|Any CPU
		{0B133315-395D-46CC-8E50-513AB2E88A9E}.Release|Mixed Platforms.ActiveCfg = Release|Any CPU
		{0B133315-395D-46CC-8E50-513AB2E88A9E}.Release|Mixed Platforms.Build.0 = Release|Any CPU
		{0B133315-395D-46CC-8E50-513AB2E88A9E}.Release|x86.ActiveCfg = Release|Any CPU
		{0B133315-395D-46CC-8E50-513AB2E88A9E}.SsmsDeploy|Any CPU.ActiveCfg = Release|Any CPU
		{0B133315-395D-46CC-8E50-513AB2E88A9E}.SsmsDeploy|Any CPU.Build.0 = Release|Any CPU
		{0B133315-395D-46CC-8E50-513AB2E88A9E}.SsmsDeploy|Mixed Platforms.ActiveCfg = Release|Any CPU
		{0B133315-395D-46CC-8E50-513AB2E88A9E}.SsmsDeploy|Mixed Platforms.Build.0 = Release|Any CPU
		{0B133315-395D-46CC-8E50-513AB2E88A9E}.SsmsDeploy|x86.ActiveCfg = Release|Any CPU
		{5AF58723-F939-4955-9B29-2A6A0A4CFBA8}.Debug|Any CPU.ActiveCfg = Debug|Any CPU
		{5AF58723-F939-4955-9B29-2A6A0A4CFBA8}.Debug|Any CPU.Build.0 = Debug|Any CPU
		{5AF58723-F939-4955-9B29-2A6A0A4CFBA8}.Debug|Mixed Platforms.ActiveCfg = Debug|Any CPU
		{5AF58723-F939-4955-9B29-2A6A0A4CFBA8}.Debug|Mixed Platforms.Build.0 = Debug|Any CPU
		{5AF58723-F939-4955-9B29-2A6A0A4CFBA8}.Debug|x86.ActiveCfg = Debug|Any CPU
		{5AF58723-F939-4955-9B29-2A6A0A4CFBA8}.Release|Any CPU.ActiveCfg = Release|Any CPU
		{5AF58723-F939-4955-9B29-2A6A0A4CFBA8}.Release|Any CPU.Build.0 = Release|Any CPU
		{5AF58723-F939-4955-9B29-2A6A0A4CFBA8}.Release|Mixed Platforms.ActiveCfg = Release|Any CPU
		{5AF58723-F939-4955-9B29-2A6A0A4CFBA8}.Release|Mixed Platforms.Build.0 = Release|Any CPU
		{5AF58723-F939-4955-9B29-2A6A0A4CFBA8}.Release|x86.ActiveCfg = Release|Any CPU
		{5AF58723-F939-4955-9B29-2A6A0A4CFBA8}.SsmsDeploy|Any CPU.ActiveCfg = Release|Any CPU
		{5AF58723-F939-4955-9B29-2A6A0A4CFBA8}.SsmsDeploy|Any CPU.Build.0 = Release|Any CPU
		{5AF58723-F939-4955-9B29-2A6A0A4CFBA8}.SsmsDeploy|Mixed Platforms.ActiveCfg = Release|Any CPU
		{5AF58723-F939-4955-9B29-2A6A0A4CFBA8}.SsmsDeploy|Mixed Platforms.Build.0 = Release|Any CPU
		{5AF58723-F939-4955-9B29-2A6A0A4CFBA8}.SsmsDeploy|x86.ActiveCfg = Release|Any CPU
		{1532F037-944F-4969-81BA-5A7C34E1D299}.Debug|Any CPU.ActiveCfg = Debug|Any CPU
		{1532F037-944F-4969-81BA-5A7C34E1D299}.Debug|Any CPU.Build.0 = Debug|Any CPU
		{1532F037-944F-4969-81BA-5A7C34E1D299}.Debug|Mixed Platforms.ActiveCfg = Debug|Any CPU
		{1532F037-944F-4969-81BA-5A7C34E1D299}.Debug|Mixed Platforms.Build.0 = Debug|Any CPU
		{1532F037-944F-4969-81BA-5A7C34E1D299}.Debug|x86.ActiveCfg = Debug|Any CPU
		{1532F037-944F-4969-81BA-5A7C34E1D299}.Release|Any CPU.ActiveCfg = Release|Any CPU
		{1532F037-944F-4969-81BA-5A7C34E1D299}.Release|Any CPU.Build.0 = Release|Any CPU
		{1532F037-944F-4969-81BA-5A7C34E1D299}.Release|Mixed Platforms.ActiveCfg = Release|Any CPU
		{1532F037-944F-4969-81BA-5A7C34E1D299}.Release|Mixed Platforms.Build.0 = Release|Any CPU
		{1532F037-944F-4969-81BA-5A7C34E1D299}.Release|x86.ActiveCfg = Release|Any CPU
		{1532F037-944F-4969-81BA-5A7C34E1D299}.SsmsDeploy|Any CPU.ActiveCfg = Release|Any CPU
		{1532F037-944F-4969-81BA-5A7C34E1D299}.SsmsDeploy|Any CPU.Build.0 = Release|Any CPU
		{1532F037-944F-4969-81BA-5A7C34E1D299}.SsmsDeploy|Mixed Platforms.ActiveCfg = Release|Any CPU
		{1532F037-944F-4969-81BA-5A7C34E1D299}.SsmsDeploy|Mixed Platforms.Build.0 = Release|Any CPU
		{1532F037-944F-4969-81BA-5A7C34E1D299}.SsmsDeploy|x86.ActiveCfg = Release|Any CPU
		{E972B2B2-F549-418E-B830-FB5D97101168}.Debug|Any CPU.ActiveCfg = Debug|Any CPU
		{E972B2B2-F549-418E-B830-FB5D97101168}.Debug|Any CPU.Build.0 = Debug|Any CPU
		{E972B2B2-F549-418E-B830-FB5D97101168}.Debug|Mixed Platforms.ActiveCfg = Debug|Any CPU
		{E972B2B2-F549-418E-B830-FB5D97101168}.Debug|Mixed Platforms.Build.0 = Debug|Any CPU
		{E972B2B2-F549-418E-B830-FB5D97101168}.Debug|x86.ActiveCfg = Debug|Any CPU
		{E972B2B2-F549-418E-B830-FB5D97101168}.Release|Any CPU.ActiveCfg = Release|Any CPU
		{E972B2B2-F549-418E-B830-FB5D97101168}.Release|Any CPU.Build.0 = Release|Any CPU
		{E972B2B2-F549-418E-B830-FB5D97101168}.Release|Mixed Platforms.ActiveCfg = Release|Any CPU
		{E972B2B2-F549-418E-B830-FB5D97101168}.Release|Mixed Platforms.Build.0 = Release|Any CPU
		{E972B2B2-F549-418E-B830-FB5D97101168}.Release|x86.ActiveCfg = Release|Any CPU
		{E972B2B2-F549-418E-B830-FB5D97101168}.SsmsDeploy|Any CPU.ActiveCfg = Release|Any CPU
		{E972B2B2-F549-418E-B830-FB5D97101168}.SsmsDeploy|Any CPU.Build.0 = Release|Any CPU
		{E972B2B2-F549-418E-B830-FB5D97101168}.SsmsDeploy|Mixed Platforms.ActiveCfg = Release|Any CPU
		{E972B2B2-F549-418E-B830-FB5D97101168}.SsmsDeploy|Mixed Platforms.Build.0 = Release|Any CPU
		{E972B2B2-F549-418E-B830-FB5D97101168}.SsmsDeploy|x86.ActiveCfg = Release|Any CPU
		{1D0DE8C1-0D05-433B-93E7-AAB7A34A93BC}.Debug|Any CPU.ActiveCfg = Debug|Any CPU
		{1D0DE8C1-0D05-433B-93E7-AAB7A34A93BC}.Debug|Any CPU.Build.0 = Debug|Any CPU
		{1D0DE8C1-0D05-433B-93E7-AAB7A34A93BC}.Debug|Mixed Platforms.ActiveCfg = Debug|Any CPU
		{1D0DE8C1-0D05-433B-93E7-AAB7A34A93BC}.Debug|Mixed Platforms.Build.0 = Debug|Any CPU
		{1D0DE8C1-0D05-433B-93E7-AAB7A34A93BC}.Debug|x86.ActiveCfg = Debug|Any CPU
		{1D0DE8C1-0D05-433B-93E7-AAB7A34A93BC}.Release|Any CPU.ActiveCfg = Release|Any CPU
		{1D0DE8C1-0D05-433B-93E7-AAB7A34A93BC}.Release|Any CPU.Build.0 = Release|Any CPU
		{1D0DE8C1-0D05-433B-93E7-AAB7A34A93BC}.Release|Mixed Platforms.ActiveCfg = Release|Any CPU
		{1D0DE8C1-0D05-433B-93E7-AAB7A34A93BC}.Release|Mixed Platforms.Build.0 = Release|Any CPU
		{1D0DE8C1-0D05-433B-93E7-AAB7A34A93BC}.Release|x86.ActiveCfg = Release|Any CPU
		{1D0DE8C1-0D05-433B-93E7-AAB7A34A93BC}.SsmsDeploy|Any CPU.ActiveCfg = Release|Any CPU
		{1D0DE8C1-0D05-433B-93E7-AAB7A34A93BC}.SsmsDeploy|Any CPU.Build.0 = Release|Any CPU
		{1D0DE8C1-0D05-433B-93E7-AAB7A34A93BC}.SsmsDeploy|Mixed Platforms.ActiveCfg = Release|Any CPU
		{1D0DE8C1-0D05-433B-93E7-AAB7A34A93BC}.SsmsDeploy|Mixed Platforms.Build.0 = Release|Any CPU
		{1D0DE8C1-0D05-433B-93E7-AAB7A34A93BC}.SsmsDeploy|x86.ActiveCfg = Release|Any CPU
		{54C786E5-FD14-4036-92AE-E9F25B71534B}.Debug|Any CPU.ActiveCfg = Debug|Any CPU
		{54C786E5-FD14-4036-92AE-E9F25B71534B}.Debug|Any CPU.Build.0 = Debug|Any CPU
		{54C786E5-FD14-4036-92AE-E9F25B71534B}.Debug|Mixed Platforms.ActiveCfg = Debug|Any CPU
		{54C786E5-FD14-4036-92AE-E9F25B71534B}.Debug|Mixed Platforms.Build.0 = Debug|Any CPU
		{54C786E5-FD14-4036-92AE-E9F25B71534B}.Debug|x86.ActiveCfg = Debug|Any CPU
		{54C786E5-FD14-4036-92AE-E9F25B71534B}.Release|Any CPU.ActiveCfg = Release|Any CPU
		{54C786E5-FD14-4036-92AE-E9F25B71534B}.Release|Any CPU.Build.0 = Release|Any CPU
		{54C786E5-FD14-4036-92AE-E9F25B71534B}.Release|Mixed Platforms.ActiveCfg = Release|Any CPU
		{54C786E5-FD14-4036-92AE-E9F25B71534B}.Release|Mixed Platforms.Build.0 = Release|Any CPU
		{54C786E5-FD14-4036-92AE-E9F25B71534B}.Release|x86.ActiveCfg = Release|Any CPU
		{54C786E5-FD14-4036-92AE-E9F25B71534B}.SsmsDeploy|Any CPU.ActiveCfg = Release|Any CPU
		{54C786E5-FD14-4036-92AE-E9F25B71534B}.SsmsDeploy|Any CPU.Build.0 = Release|Any CPU
		{54C786E5-FD14-4036-92AE-E9F25B71534B}.SsmsDeploy|Mixed Platforms.ActiveCfg = SsmsDeploy|Any CPU
		{54C786E5-FD14-4036-92AE-E9F25B71534B}.SsmsDeploy|Mixed Platforms.Build.0 = SsmsDeploy|Any CPU
		{54C786E5-FD14-4036-92AE-E9F25B71534B}.SsmsDeploy|x86.ActiveCfg = Release|Any CPU
		{C307A6B0-E866-4685-9227-3D13A744EFFB}.Debug|Any CPU.ActiveCfg = Debug|Any CPU
		{C307A6B0-E866-4685-9227-3D13A744EFFB}.Debug|Any CPU.Build.0 = Debug|Any CPU
		{C307A6B0-E866-4685-9227-3D13A744EFFB}.Debug|Mixed Platforms.ActiveCfg = Debug|Any CPU
		{C307A6B0-E866-4685-9227-3D13A744EFFB}.Debug|Mixed Platforms.Build.0 = Debug|Any CPU
		{C307A6B0-E866-4685-9227-3D13A744EFFB}.Debug|x86.ActiveCfg = Debug|Any CPU
		{C307A6B0-E866-4685-9227-3D13A744EFFB}.Release|Any CPU.ActiveCfg = Release|Any CPU
		{C307A6B0-E866-4685-9227-3D13A744EFFB}.Release|Any CPU.Build.0 = Release|Any CPU
		{C307A6B0-E866-4685-9227-3D13A744EFFB}.Release|Mixed Platforms.ActiveCfg = Release|Any CPU
		{C307A6B0-E866-4685-9227-3D13A744EFFB}.Release|Mixed Platforms.Build.0 = Release|Any CPU
		{C307A6B0-E866-4685-9227-3D13A744EFFB}.Release|x86.ActiveCfg = Release|Any CPU
		{C307A6B0-E866-4685-9227-3D13A744EFFB}.SsmsDeploy|Any CPU.ActiveCfg = Release|Any CPU
		{C307A6B0-E866-4685-9227-3D13A744EFFB}.SsmsDeploy|Any CPU.Build.0 = Release|Any CPU
		{C307A6B0-E866-4685-9227-3D13A744EFFB}.SsmsDeploy|Mixed Platforms.ActiveCfg = Release|Any CPU
		{C307A6B0-E866-4685-9227-3D13A744EFFB}.SsmsDeploy|Mixed Platforms.Build.0 = Release|Any CPU
		{C307A6B0-E866-4685-9227-3D13A744EFFB}.SsmsDeploy|x86.ActiveCfg = Release|Any CPU
		{6D9B793E-778B-49DA-BF2B-F90C4590AE10}.Debug|Any CPU.ActiveCfg = Debug|x86
		{6D9B793E-778B-49DA-BF2B-F90C4590AE10}.Debug|Mixed Platforms.ActiveCfg = Debug|x86
		{6D9B793E-778B-49DA-BF2B-F90C4590AE10}.Debug|Mixed Platforms.Build.0 = Debug|x86
		{6D9B793E-778B-49DA-BF2B-F90C4590AE10}.Debug|x86.ActiveCfg = Debug|x86
		{6D9B793E-778B-49DA-BF2B-F90C4590AE10}.Debug|x86.Build.0 = Debug|x86
		{6D9B793E-778B-49DA-BF2B-F90C4590AE10}.Release|Any CPU.ActiveCfg = Release|x86
		{6D9B793E-778B-49DA-BF2B-F90C4590AE10}.Release|Mixed Platforms.ActiveCfg = Release|x86
		{6D9B793E-778B-49DA-BF2B-F90C4590AE10}.Release|Mixed Platforms.Build.0 = Release|x86
		{6D9B793E-778B-49DA-BF2B-F90C4590AE10}.Release|x86.ActiveCfg = Release|x86
		{6D9B793E-778B-49DA-BF2B-F90C4590AE10}.Release|x86.Build.0 = Release|x86
		{6D9B793E-778B-49DA-BF2B-F90C4590AE10}.SsmsDeploy|Any CPU.ActiveCfg = Release|x86
		{6D9B793E-778B-49DA-BF2B-F90C4590AE10}.SsmsDeploy|Mixed Platforms.ActiveCfg = Release|x86
		{6D9B793E-778B-49DA-BF2B-F90C4590AE10}.SsmsDeploy|Mixed Platforms.Build.0 = Release|x86
		{6D9B793E-778B-49DA-BF2B-F90C4590AE10}.SsmsDeploy|x86.ActiveCfg = Release|x86
		{6D9B793E-778B-49DA-BF2B-F90C4590AE10}.SsmsDeploy|x86.Build.0 = Release|x86
		{783BC160-5A11-4D4F-911C-084644A60FC1}.Debug|Any CPU.ActiveCfg = Debug|Any CPU
		{783BC160-5A11-4D4F-911C-084644A60FC1}.Debug|Any CPU.Build.0 = Debug|Any CPU
		{783BC160-5A11-4D4F-911C-084644A60FC1}.Debug|Mixed Platforms.ActiveCfg = Debug|Any CPU
		{783BC160-5A11-4D4F-911C-084644A60FC1}.Debug|Mixed Platforms.Build.0 = Debug|Any CPU
		{783BC160-5A11-4D4F-911C-084644A60FC1}.Debug|x86.ActiveCfg = Debug|Any CPU
		{783BC160-5A11-4D4F-911C-084644A60FC1}.Release|Any CPU.ActiveCfg = Release|Any CPU
		{783BC160-5A11-4D4F-911C-084644A60FC1}.Release|Any CPU.Build.0 = Release|Any CPU
		{783BC160-5A11-4D4F-911C-084644A60FC1}.Release|Mixed Platforms.ActiveCfg = Release|Any CPU
		{783BC160-5A11-4D4F-911C-084644A60FC1}.Release|Mixed Platforms.Build.0 = Release|Any CPU
		{783BC160-5A11-4D4F-911C-084644A60FC1}.Release|x86.ActiveCfg = Release|Any CPU
		{783BC160-5A11-4D4F-911C-084644A60FC1}.SsmsDeploy|Any CPU.ActiveCfg = Release|Any CPU
		{783BC160-5A11-4D4F-911C-084644A60FC1}.SsmsDeploy|Any CPU.Build.0 = Release|Any CPU
		{783BC160-5A11-4D4F-911C-084644A60FC1}.SsmsDeploy|Mixed Platforms.ActiveCfg = Release|Any CPU
		{783BC160-5A11-4D4F-911C-084644A60FC1}.SsmsDeploy|Mixed Platforms.Build.0 = Release|Any CPU
		{783BC160-5A11-4D4F-911C-084644A60FC1}.SsmsDeploy|x86.ActiveCfg = Release|Any CPU
		{65E58DDB-1B1D-4233-9DD8-CFE41569826F}.Debug|Any CPU.ActiveCfg = Debug|Any CPU
		{65E58DDB-1B1D-4233-9DD8-CFE41569826F}.Debug|Any CPU.Build.0 = Debug|Any CPU
		{65E58DDB-1B1D-4233-9DD8-CFE41569826F}.Debug|Mixed Platforms.ActiveCfg = Debug|Any CPU
		{65E58DDB-1B1D-4233-9DD8-CFE41569826F}.Debug|Mixed Platforms.Build.0 = Debug|Any CPU
		{65E58DDB-1B1D-4233-9DD8-CFE41569826F}.Debug|x86.ActiveCfg = Debug|Any CPU
		{65E58DDB-1B1D-4233-9DD8-CFE41569826F}.Debug|x86.Build.0 = Debug|Any CPU
		{65E58DDB-1B1D-4233-9DD8-CFE41569826F}.Release|Any CPU.ActiveCfg = Release|Any CPU
		{65E58DDB-1B1D-4233-9DD8-CFE41569826F}.Release|Any CPU.Build.0 = Release|Any CPU
		{65E58DDB-1B1D-4233-9DD8-CFE41569826F}.Release|Mixed Platforms.ActiveCfg = Release|Any CPU
		{65E58DDB-1B1D-4233-9DD8-CFE41569826F}.Release|Mixed Platforms.Build.0 = Release|Any CPU
		{65E58DDB-1B1D-4233-9DD8-CFE41569826F}.Release|x86.ActiveCfg = Release|Any CPU
		{65E58DDB-1B1D-4233-9DD8-CFE41569826F}.Release|x86.Build.0 = Release|Any CPU
		{65E58DDB-1B1D-4233-9DD8-CFE41569826F}.SsmsDeploy|Any CPU.ActiveCfg = Release|Any CPU
		{65E58DDB-1B1D-4233-9DD8-CFE41569826F}.SsmsDeploy|Any CPU.Build.0 = Release|Any CPU
		{65E58DDB-1B1D-4233-9DD8-CFE41569826F}.SsmsDeploy|Mixed Platforms.ActiveCfg = Release|Any CPU
		{65E58DDB-1B1D-4233-9DD8-CFE41569826F}.SsmsDeploy|Mixed Platforms.Build.0 = Release|Any CPU
		{65E58DDB-1B1D-4233-9DD8-CFE41569826F}.SsmsDeploy|x86.ActiveCfg = Release|Any CPU
		{65E58DDB-1B1D-4233-9DD8-CFE41569826F}.SsmsDeploy|x86.Build.0 = Release|Any CPU
	EndGlobalSection
	GlobalSection(SolutionProperties) = preSolution
		HideSolutionNode = FALSE
	EndGlobalSection
	GlobalSection(NestedProjects) = preSolution
		{0B133315-395D-46CC-8E50-513AB2E88A9E} = {0BCF224A-F0ED-4D7D-ACE7-398C75888F0F}
		{5AF58723-F939-4955-9B29-2A6A0A4CFBA8} = {C76E8675-9290-4C7F-A3AC-2C9CA0C6F2E6}
		{1532F037-944F-4969-81BA-5A7C34E1D299} = {8D8E06DF-2C58-4E98-97BD-5BB8089C51C0}
		{E972B2B2-F549-418E-B830-FB5D97101168} = {C76E8675-9290-4C7F-A3AC-2C9CA0C6F2E6}
		{1D0DE8C1-0D05-433B-93E7-AAB7A34A93BC} = {0BCF224A-F0ED-4D7D-ACE7-398C75888F0F}
		{54C786E5-FD14-4036-92AE-E9F25B71534B} = {8D8E06DF-2C58-4E98-97BD-5BB8089C51C0}
		{C307A6B0-E866-4685-9227-3D13A744EFFB} = {0BCF224A-F0ED-4D7D-ACE7-398C75888F0F}
		{6D9B793E-778B-49DA-BF2B-F90C4590AE10} = {8D8E06DF-2C58-4E98-97BD-5BB8089C51C0}
		{783BC160-5A11-4D4F-911C-084644A60FC1} = {8D8E06DF-2C58-4E98-97BD-5BB8089C51C0}
		{65E58DDB-1B1D-4233-9DD8-CFE41569826F} = {8D8E06DF-2C58-4E98-97BD-5BB8089C51C0}
	EndGlobalSection
	GlobalSection(ExtensibilityGlobals) = postSolution
		VisualSVNWorkingCopyRoot = .
	EndGlobalSection
EndGlobal
