
Microsoft Visual Studio Solution File, Format Version 12.00
# Visual Studio Version 16
VisualStudioVersion = 16.0.30204.135
MinimumVisualStudioVersion = 10.0.40219.1
Project("{2150E333-8FDC-42A3-9474-1A3956D46DE8}") = "Tests", "Tests", "{0BCF224A-F0ED-4D7D-ACE7-398C75888F0F}"
EndProject
Project("{2150E333-8FDC-42A3-9474-1A3956D46DE8}") = "Libraries", "Libraries", "{C76E8675-9290-4C7F-A3AC-2C9CA0C6F2E6}"
EndProject
Project("{2150E333-8FDC-42A3-9474-1A3956D46DE8}") = "Clients", "Clients", "{8D8E06DF-2C58-4E98-97BD-5BB8089C51C0}"
EndProject
Project("{FAE04EC0-301F-11D3-BF4B-00C04F79EFBC}") = "Laan.Sql.Formatter.Web", "Laan.Sql.Formatter.Web\Laan.Sql.Formatter.Web.csproj", "{65E58DDB-1B1D-4233-9DD8-CFE41569826F}"
EndProject
Project("{2150E333-8FDC-42A3-9474-1A3956D46DE8}") = "Scripts", "Scripts", "{4411D8CD-4017-4161-A4C4-90654B1F3152}"
	ProjectSection(SolutionItems) = preProject
		Scripts\build-app.cmd = Scripts\build-app.cmd
		Scripts\build.ps1 = Scripts\build.ps1
	EndProjectSection
EndProject
Project("{2150E333-8FDC-42A3-9474-1A3956D46DE8}") = "Build", "Build", "{DB4A5566-9C4F-4FA7-A8B2-F2DDB73CE457}"
	ProjectSection(SolutionItems) = preProject
		Build\Common.targets = Build\Common.targets
		Build\Nuget.targets = Build\Nuget.targets
	EndProjectSection
EndProject
Project("{9A19103F-16F7-4668-BE54-9A1E7A4F7556}") = "Laan.Sql.Parser", "Laan.SQL.Parser\Laan.Sql.Parser.csproj", "{71CE5C72-A642-482C-937F-04E059F2B619}"
EndProject
Project("{9A19103F-16F7-4668-BE54-9A1E7A4F7556}") = "Laan.Sql.Formatter", "Laan.SQL.Formatter\Laan.Sql.Formatter.csproj", "{A88EBEC7-A9EE-46D3-8BC2-8362468EDB56}"
EndProject
Project("{9A19103F-16F7-4668-BE54-9A1E7A4F7556}") = "Laan.NHibernate.Appender", "Laan.NHibernate.Appender\Laan.NHibernate.Appender.csproj", "{56C0725F-673E-4F92-9A4F-C741470A81FE}"
EndProject
Project("{9A19103F-16F7-4668-BE54-9A1E7A4F7556}") = "Laan.Sql.Parser.Test", "Laan.SQL.Parser.Test\Laan.Sql.Parser.Test.csproj", "{78DC646F-60B7-40AB-84C7-3F03AC87A6F0}"
EndProject
Project("{9A19103F-16F7-4668-BE54-9A1E7A4F7556}") = "Laan.Sql.Formatter.Test", "Laan.SQL.Formatter.Test\Laan.Sql.Formatter.Test.csproj", "{BAF694EB-1947-4EB8-81BB-26B89F51485E}"
EndProject
Project("{9A19103F-16F7-4668-BE54-9A1E7A4F7556}") = "Laan.NHibernate.Appender.Test", "Laan.NHibernate.Appender.Test\Laan.NHibernate.Appender.Test.csproj", "{1AA1A244-ABD7-4293-B1B5-9E31D300FC2D}"
EndProject
Global
	GlobalSection(SolutionConfigurationPlatforms) = preSolution
		Debug|Any CPU = Debug|Any CPU
		Debug|Mixed Platforms = Debug|Mixed Platforms
		Debug|x86 = Debug|x86
		Release|Any CPU = Release|Any CPU
		Release|Mixed Platforms = Release|Mixed Platforms
		Release|x86 = Release|x86
		SsmsDeploy|Any CPU = SsmsDeploy|Any CPU
		SsmsDeploy|Mixed Platforms = SsmsDeploy|Mixed Platforms
		SsmsDeploy|x86 = SsmsDeploy|x86
	EndGlobalSection
	GlobalSection(ProjectConfigurationPlatforms) = postSolution
		{65E58DDB-1B1D-4233-9DD8-CFE41569826F}.Debug|Any CPU.ActiveCfg = Debug|Any CPU
		{65E58DDB-1B1D-4233-9DD8-CFE41569826F}.Debug|Any CPU.Build.0 = Debug|Any CPU
		{65E58DDB-1B1D-4233-9DD8-CFE41569826F}.Debug|Mixed Platforms.ActiveCfg = Debug|Any CPU
		{65E58DDB-1B1D-4233-9DD8-CFE41569826F}.Debug|Mixed Platforms.Build.0 = Debug|Any CPU
		{65E58DDB-1B1D-4233-9DD8-CFE41569826F}.Debug|x86.ActiveCfg = Debug|Any CPU
		{65E58DDB-1B1D-4233-9DD8-CFE41569826F}.Debug|x86.Build.0 = Debug|Any CPU
		{65E58DDB-1B1D-4233-9DD8-CFE41569826F}.Release|Any CPU.ActiveCfg = Release|Any CPU
		{65E58DDB-1B1D-4233-9DD8-CFE41569826F}.Release|Any CPU.Build.0 = Release|Any CPU
		{65E58DDB-1B1D-4233-9DD8-CFE41569826F}.Release|Mixed Platforms.ActiveCfg = Release|Any CPU
		{65E58DDB-1B1D-4233-9DD8-CFE41569826F}.Release|Mixed Platforms.Build.0 = Release|Any CPU
		{65E58DDB-1B1D-4233-9DD8-CFE41569826F}.Release|x86.ActiveCfg = Release|Any CPU
		{65E58DDB-1B1D-4233-9DD8-CFE41569826F}.Release|x86.Build.0 = Release|Any CPU
		{65E58DDB-1B1D-4233-9DD8-CFE41569826F}.SsmsDeploy|Any CPU.ActiveCfg = Release|Any CPU
		{65E58DDB-1B1D-4233-9DD8-CFE41569826F}.SsmsDeploy|Any CPU.Build.0 = Release|Any CPU
		{65E58DDB-1B1D-4233-9DD8-CFE41569826F}.SsmsDeploy|Mixed Platforms.ActiveCfg = Release|Any CPU
		{65E58DDB-1B1D-4233-9DD8-CFE41569826F}.SsmsDeploy|Mixed Platforms.Build.0 = Release|Any CPU
		{65E58DDB-1B1D-4233-9DD8-CFE41569826F}.SsmsDeploy|x86.ActiveCfg = Release|Any CPU
		{65E58DDB-1B1D-4233-9DD8-CFE41569826F}.SsmsDeploy|x86.Build.0 = Release|Any CPU
		{71CE5C72-A642-482C-937F-04E059F2B619}.Debug|Any CPU.ActiveCfg = Debug|Any CPU
		{71CE5C72-A642-482C-937F-04E059F2B619}.Debug|Any CPU.Build.0 = Debug|Any CPU
		{71CE5C72-A642-482C-937F-04E059F2B619}.Debug|Mixed Platforms.ActiveCfg = Debug|Any CPU
		{71CE5C72-A642-482C-937F-04E059F2B619}.Debug|Mixed Platforms.Build.0 = Debug|Any CPU
		{71CE5C72-A642-482C-937F-04E059F2B619}.Debug|x86.ActiveCfg = Debug|Any CPU
		{71CE5C72-A642-482C-937F-04E059F2B619}.Debug|x86.Build.0 = Debug|Any CPU
		{71CE5C72-A642-482C-937F-04E059F2B619}.Release|Any CPU.ActiveCfg = Release|Any CPU
		{71CE5C72-A642-482C-937F-04E059F2B619}.Release|Any CPU.Build.0 = Release|Any CPU
		{71CE5C72-A642-482C-937F-04E059F2B619}.Release|Mixed Platforms.ActiveCfg = Release|Any CPU
		{71CE5C72-A642-482C-937F-04E059F2B619}.Release|Mixed Platforms.Build.0 = Release|Any CPU
		{71CE5C72-A642-482C-937F-04E059F2B619}.Release|x86.ActiveCfg = Release|Any CPU
		{71CE5C72-A642-482C-937F-04E059F2B619}.Release|x86.Build.0 = Release|Any CPU
		{71CE5C72-A642-482C-937F-04E059F2B619}.SsmsDeploy|Any CPU.ActiveCfg = Debug|Any CPU
		{71CE5C72-A642-482C-937F-04E059F2B619}.SsmsDeploy|Any CPU.Build.0 = Debug|Any CPU
		{71CE5C72-A642-482C-937F-04E059F2B619}.SsmsDeploy|Mixed Platforms.ActiveCfg = Debug|Any CPU
		{71CE5C72-A642-482C-937F-04E059F2B619}.SsmsDeploy|Mixed Platforms.Build.0 = Debug|Any CPU
		{71CE5C72-A642-482C-937F-04E059F2B619}.SsmsDeploy|x86.ActiveCfg = Debug|Any CPU
		{71CE5C72-A642-482C-937F-04E059F2B619}.SsmsDeploy|x86.Build.0 = Debug|Any CPU
		{A88EBEC7-A9EE-46D3-8BC2-8362468EDB56}.Debug|Any CPU.ActiveCfg = Debug|Any CPU
		{A88EBEC7-A9EE-46D3-8BC2-8362468EDB56}.Debug|Any CPU.Build.0 = Debug|Any CPU
		{A88EBEC7-A9EE-46D3-8BC2-8362468EDB56}.Debug|Mixed Platforms.ActiveCfg = Debug|Any CPU
		{A88EBEC7-A9EE-46D3-8BC2-8362468EDB56}.Debug|Mixed Platforms.Build.0 = Debug|Any CPU
		{A88EBEC7-A9EE-46D3-8BC2-8362468EDB56}.Debug|x86.ActiveCfg = Debug|Any CPU
		{A88EBEC7-A9EE-46D3-8BC2-8362468EDB56}.Debug|x86.Build.0 = Debug|Any CPU
		{A88EBEC7-A9EE-46D3-8BC2-8362468EDB56}.Release|Any CPU.ActiveCfg = Release|Any CPU
		{A88EBEC7-A9EE-46D3-8BC2-8362468EDB56}.Release|Any CPU.Build.0 = Release|Any CPU
		{A88EBEC7-A9EE-46D3-8BC2-8362468EDB56}.Release|Mixed Platforms.ActiveCfg = Release|Any CPU
		{A88EBEC7-A9EE-46D3-8BC2-8362468EDB56}.Release|Mixed Platforms.Build.0 = Release|Any CPU
		{A88EBEC7-A9EE-46D3-8BC2-8362468EDB56}.Release|x86.ActiveCfg = Release|Any CPU
		{A88EBEC7-A9EE-46D3-8BC2-8362468EDB56}.Release|x86.Build.0 = Release|Any CPU
		{A88EBEC7-A9EE-46D3-8BC2-8362468EDB56}.SsmsDeploy|Any CPU.ActiveCfg = Debug|Any CPU
		{A88EBEC7-A9EE-46D3-8BC2-8362468EDB56}.SsmsDeploy|Any CPU.Build.0 = Debug|Any CPU
		{A88EBEC7-A9EE-46D3-8BC2-8362468EDB56}.SsmsDeploy|Mixed Platforms.ActiveCfg = Debug|Any CPU
		{A88EBEC7-A9EE-46D3-8BC2-8362468EDB56}.SsmsDeploy|Mixed Platforms.Build.0 = Debug|Any CPU
		{A88EBEC7-A9EE-46D3-8BC2-8362468EDB56}.SsmsDeploy|x86.ActiveCfg = Debug|Any CPU
		{A88EBEC7-A9EE-46D3-8BC2-8362468EDB56}.SsmsDeploy|x86.Build.0 = Debug|Any CPU
		{56C0725F-673E-4F92-9A4F-C741470A81FE}.Debug|Any CPU.ActiveCfg = Debug|Any CPU
		{56C0725F-673E-4F92-9A4F-C741470A81FE}.Debug|Any CPU.Build.0 = Debug|Any CPU
		{56C0725F-673E-4F92-9A4F-C741470A81FE}.Debug|Mixed Platforms.ActiveCfg = Debug|Any CPU
		{56C0725F-673E-4F92-9A4F-C741470A81FE}.Debug|Mixed Platforms.Build.0 = Debug|Any CPU
		{56C0725F-673E-4F92-9A4F-C741470A81FE}.Debug|x86.ActiveCfg = Debug|Any CPU
		{56C0725F-673E-4F92-9A4F-C741470A81FE}.Debug|x86.Build.0 = Debug|Any CPU
		{56C0725F-673E-4F92-9A4F-C741470A81FE}.Release|Any CPU.ActiveCfg = Release|Any CPU
		{56C0725F-673E-4F92-9A4F-C741470A81FE}.Release|Any CPU.Build.0 = Release|Any CPU
		{56C0725F-673E-4F92-9A4F-C741470A81FE}.Release|Mixed Platforms.ActiveCfg = Release|Any CPU
		{56C0725F-673E-4F92-9A4F-C741470A81FE}.Release|Mixed Platforms.Build.0 = Release|Any CPU
		{56C0725F-673E-4F92-9A4F-C741470A81FE}.Release|x86.ActiveCfg = Release|Any CPU
		{56C0725F-673E-4F92-9A4F-C741470A81FE}.Release|x86.Build.0 = Release|Any CPU
		{56C0725F-673E-4F92-9A4F-C741470A81FE}.SsmsDeploy|Any CPU.ActiveCfg = Debug|Any CPU
		{56C0725F-673E-4F92-9A4F-C741470A81FE}.SsmsDeploy|Any CPU.Build.0 = Debug|Any CPU
		{56C0725F-673E-4F92-9A4F-C741470A81FE}.SsmsDeploy|Mixed Platforms.ActiveCfg = Debug|Any CPU
		{56C0725F-673E-4F92-9A4F-C741470A81FE}.SsmsDeploy|Mixed Platforms.Build.0 = Debug|Any CPU
		{56C0725F-673E-4F92-9A4F-C741470A81FE}.SsmsDeploy|x86.ActiveCfg = Debug|Any CPU
		{56C0725F-673E-4F92-9A4F-C741470A81FE}.SsmsDeploy|x86.Build.0 = Debug|Any CPU
		{78DC646F-60B7-40AB-84C7-3F03AC87A6F0}.Debug|Any CPU.ActiveCfg = Debug|Any CPU
		{78DC646F-60B7-40AB-84C7-3F03AC87A6F0}.Debug|Any CPU.Build.0 = Debug|Any CPU
		{78DC646F-60B7-40AB-84C7-3F03AC87A6F0}.Debug|Mixed Platforms.ActiveCfg = Debug|Any CPU
		{78DC646F-60B7-40AB-84C7-3F03AC87A6F0}.Debug|Mixed Platforms.Build.0 = Debug|Any CPU
		{78DC646F-60B7-40AB-84C7-3F03AC87A6F0}.Debug|x86.ActiveCfg = Debug|Any CPU
		{78DC646F-60B7-40AB-84C7-3F03AC87A6F0}.Debug|x86.Build.0 = Debug|Any CPU
		{78DC646F-60B7-40AB-84C7-3F03AC87A6F0}.Release|Any CPU.ActiveCfg = Release|Any CPU
		{78DC646F-60B7-40AB-84C7-3F03AC87A6F0}.Release|Any CPU.Build.0 = Release|Any CPU
		{78DC646F-60B7-40AB-84C7-3F03AC87A6F0}.Release|Mixed Platforms.ActiveCfg = Release|Any CPU
		{78DC646F-60B7-40AB-84C7-3F03AC87A6F0}.Release|Mixed Platforms.Build.0 = Release|Any CPU
		{78DC646F-60B7-40AB-84C7-3F03AC87A6F0}.Release|x86.ActiveCfg = Release|Any CPU
		{78DC646F-60B7-40AB-84C7-3F03AC87A6F0}.Release|x86.Build.0 = Release|Any CPU
		{78DC646F-60B7-40AB-84C7-3F03AC87A6F0}.SsmsDeploy|Any CPU.ActiveCfg = Debug|Any CPU
		{78DC646F-60B7-40AB-84C7-3F03AC87A6F0}.SsmsDeploy|Any CPU.Build.0 = Debug|Any CPU
		{78DC646F-60B7-40AB-84C7-3F03AC87A6F0}.SsmsDeploy|Mixed Platforms.ActiveCfg = Debug|Any CPU
		{78DC646F-60B7-40AB-84C7-3F03AC87A6F0}.SsmsDeploy|Mixed Platforms.Build.0 = Debug|Any CPU
		{78DC646F-60B7-40AB-84C7-3F03AC87A6F0}.SsmsDeploy|x86.ActiveCfg = Debug|Any CPU
		{78DC646F-60B7-40AB-84C7-3F03AC87A6F0}.SsmsDeploy|x86.Build.0 = Debug|Any CPU
		{BAF694EB-1947-4EB8-81BB-26B89F51485E}.Debug|Any CPU.ActiveCfg = Debug|Any CPU
		{BAF694EB-1947-4EB8-81BB-26B89F51485E}.Debug|Any CPU.Build.0 = Debug|Any CPU
		{BAF694EB-1947-4EB8-81BB-26B89F51485E}.Debug|Mixed Platforms.ActiveCfg = Debug|Any CPU
		{BAF694EB-1947-4EB8-81BB-26B89F51485E}.Debug|Mixed Platforms.Build.0 = Debug|Any CPU
		{BAF694EB-1947-4EB8-81BB-26B89F51485E}.Debug|x86.ActiveCfg = Debug|Any CPU
		{BAF694EB-1947-4EB8-81BB-26B89F51485E}.Debug|x86.Build.0 = Debug|Any CPU
		{BAF694EB-1947-4EB8-81BB-26B89F51485E}.Release|Any CPU.ActiveCfg = Release|Any CPU
		{BAF694EB-1947-4EB8-81BB-26B89F51485E}.Release|Any CPU.Build.0 = Release|Any CPU
		{BAF694EB-1947-4EB8-81BB-26B89F51485E}.Release|Mixed Platforms.ActiveCfg = Release|Any CPU
		{BAF694EB-1947-4EB8-81BB-26B89F51485E}.Release|Mixed Platforms.Build.0 = Release|Any CPU
		{BAF694EB-1947-4EB8-81BB-26B89F51485E}.Release|x86.ActiveCfg = Release|Any CPU
		{BAF694EB-1947-4EB8-81BB-26B89F51485E}.Release|x86.Build.0 = Release|Any CPU
		{BAF694EB-1947-4EB8-81BB-26B89F51485E}.SsmsDeploy|Any CPU.ActiveCfg = Debug|Any CPU
		{BAF694EB-1947-4EB8-81BB-26B89F51485E}.SsmsDeploy|Any CPU.Build.0 = Debug|Any CPU
		{BAF694EB-1947-4EB8-81BB-26B89F51485E}.SsmsDeploy|Mixed Platforms.ActiveCfg = Debug|Any CPU
		{BAF694EB-1947-4EB8-81BB-26B89F51485E}.SsmsDeploy|Mixed Platforms.Build.0 = Debug|Any CPU
		{BAF694EB-1947-4EB8-81BB-26B89F51485E}.SsmsDeploy|x86.ActiveCfg = Debug|Any CPU
		{BAF694EB-1947-4EB8-81BB-26B89F51485E}.SsmsDeploy|x86.Build.0 = Debug|Any CPU
		{1AA1A244-ABD7-4293-B1B5-9E31D300FC2D}.Debug|Any CPU.ActiveCfg = Debug|Any CPU
		{1AA1A244-ABD7-4293-B1B5-9E31D300FC2D}.Debug|Any CPU.Build.0 = Debug|Any CPU
		{1AA1A244-ABD7-4293-B1B5-9E31D300FC2D}.Debug|Mixed Platforms.ActiveCfg = Debug|Any CPU
		{1AA1A244-ABD7-4293-B1B5-9E31D300FC2D}.Debug|Mixed Platforms.Build.0 = Debug|Any CPU
		{1AA1A244-ABD7-4293-B1B5-9E31D300FC2D}.Debug|x86.ActiveCfg = Debug|Any CPU
		{1AA1A244-ABD7-4293-B1B5-9E31D300FC2D}.Debug|x86.Build.0 = Debug|Any CPU
		{1AA1A244-ABD7-4293-B1B5-9E31D300FC2D}.Release|Any CPU.ActiveCfg = Release|Any CPU
		{1AA1A244-ABD7-4293-B1B5-9E31D300FC2D}.Release|Any CPU.Build.0 = Release|Any CPU
		{1AA1A244-ABD7-4293-B1B5-9E31D300FC2D}.Release|Mixed Platforms.ActiveCfg = Release|Any CPU
		{1AA1A244-ABD7-4293-B1B5-9E31D300FC2D}.Release|Mixed Platforms.Build.0 = Release|Any CPU
		{1AA1A244-ABD7-4293-B1B5-9E31D300FC2D}.Release|x86.ActiveCfg = Release|Any CPU
		{1AA1A244-ABD7-4293-B1B5-9E31D300FC2D}.Release|x86.Build.0 = Release|Any CPU
		{1AA1A244-ABD7-4293-B1B5-9E31D300FC2D}.SsmsDeploy|Any CPU.ActiveCfg = Debug|Any CPU
		{1AA1A244-ABD7-4293-B1B5-9E31D300FC2D}.SsmsDeploy|Any CPU.Build.0 = Debug|Any CPU
		{1AA1A244-ABD7-4293-B1B5-9E31D300FC2D}.SsmsDeploy|Mixed Platforms.ActiveCfg = Debug|Any CPU
		{1AA1A244-ABD7-4293-B1B5-9E31D300FC2D}.SsmsDeploy|Mixed Platforms.Build.0 = Debug|Any CPU
		{1AA1A244-ABD7-4293-B1B5-9E31D300FC2D}.SsmsDeploy|x86.ActiveCfg = Debug|Any CPU
		{1AA1A244-ABD7-4293-B1B5-9E31D300FC2D}.SsmsDeploy|x86.Build.0 = Debug|Any CPU
	EndGlobalSection
	GlobalSection(SolutionProperties) = preSolution
		HideSolutionNode = FALSE
	EndGlobalSection
	GlobalSection(NestedProjects) = preSolution
		{65E58DDB-1B1D-4233-9DD8-CFE41569826F} = {8D8E06DF-2C58-4E98-97BD-5BB8089C51C0}
		{71CE5C72-A642-482C-937F-04E059F2B619} = {C76E8675-9290-4C7F-A3AC-2C9CA0C6F2E6}
		{A88EBEC7-A9EE-46D3-8BC2-8362468EDB56} = {C76E8675-9290-4C7F-A3AC-2C9CA0C6F2E6}
		{56C0725F-673E-4F92-9A4F-C741470A81FE} = {8D8E06DF-2C58-4E98-97BD-5BB8089C51C0}
		{78DC646F-60B7-40AB-84C7-3F03AC87A6F0} = {0BCF224A-F0ED-4D7D-ACE7-398C75888F0F}
		{BAF694EB-1947-4EB8-81BB-26B89F51485E} = {0BCF224A-F0ED-4D7D-ACE7-398C75888F0F}
		{1AA1A244-ABD7-4293-B1B5-9E31D300FC2D} = {0BCF224A-F0ED-4D7D-ACE7-398C75888F0F}
	EndGlobalSection
	GlobalSection(ExtensibilityGlobals) = postSolution
		SolutionGuid = {C3536892-ADA4-4DB0-ADC4-B09A3CE0473C}
		VisualSVNWorkingCopyRoot = .
	EndGlobalSection
EndGlobal
