
Microsoft Visual Studio Solution File, Format Version 10.00
# Visual Studio 2008
Project("{FAE04EC0-301F-11D3-BF4B-00C04F79EFBC}") = "Laan.SQL.Formatter.Test", "Laan.SQL.Formatter.Test\Laan.SQL.Formatter.Test.csproj", "{0B133315-395D-46CC-8E50-513AB2E88A9E}"
EndProject
Project("{FAE04EC0-301F-11D3-BF4B-00C04F79EFBC}") = "Laan.SQL.Formatter", "Laan.SQL.Formatter\Laan.SQL.Formatter.csproj", "{5AF58723-F939-4955-9B29-2A6A0A4CFBA8}"
EndProject
Project("{2150E333-8FDC-42A3-9474-1A3956D46DE8}") = "Tests", "Tests", "{0BCF224A-F0ED-4D7D-ACE7-398C75888F0F}"
EndProject
Project("{2150E333-8FDC-42A3-9474-1A3956D46DE8}") = "Libraries", "Libraries", "{C76E8675-9290-4C7F-A3AC-2C9CA0C6F2E6}"
EndProject
Project("{2150E333-8FDC-42A3-9474-1A3956D46DE8}") = "Clients", "Clients", "{8D8E06DF-2C58-4E98-97BD-5BB8089C51C0}"
EndProject
Project("{FAE04EC0-301F-11D3-BF4B-00C04F79EFBC}") = "Laan.SQL.Formatter.Web", "Laan.SQL.Formatter.WebForm\Laan.SQL.Formatter.Web.csproj", "{21C94801-B58A-49F3-8DA2-7A64B48632E0}"
EndProject
Project("{FAE04EC0-301F-11D3-BF4B-00C04F79EFBC}") = "Laan.NHibernate.Appender", "Laan.NHibernate.Appender\Laan.NHibernate.Appender.csproj", "{1532F037-944F-4969-81BA-5A7C34E1D299}"
EndProject
Project("{FAE04EC0-301F-11D3-BF4B-00C04F79EFBC}") = "Laan.SQL.Parser", "Laan.SQL.Parser\Laan.SQL.Parser.csproj", "{E972B2B2-F549-418E-B830-FB5D97101168}"
EndProject
Project("{FAE04EC0-301F-11D3-BF4B-00C04F79EFBC}") = "Laan.SQL.Parser.Test", "Laan.SQL.Parser.Test\Laan.SQL.Parser.Test.csproj", "{1D0DE8C1-0D05-433B-93E7-AAB7A34A93BC}"
EndProject
Project("{FAE04EC0-301F-11D3-BF4B-00C04F79EFBC}") = "Laan.AddIns.SqlFormatter", "Laan.AddIns.SqlFormatter\Laan.AddIns.SqlFormatter.csproj", "{EDE99269-D022-4CDE-A896-3A98C98B1D7A}"
EndProject
Project("{54435603-DBB4-11D2-8724-00A0C9A8B90C}") = "Laan.AddIns.SqlFormatter.Setup", "Laan.AddIns.SqlFormatter.Setup\Laan.AddIns.SqlFormatter.Setup.vdproj", "{22D4AD47-5236-4404-95FF-7FCAE792ED5E}"
EndProject
Project("{2150E333-8FDC-42A3-9474-1A3956D46DE8}") = "Installer", "Installer", "{D3F6DCB4-21B6-4310-A7EA-5B3C6D7AED26}"
EndProject
Global
	GlobalSection(SolutionConfigurationPlatforms) = preSolution
		Debug|Any CPU = Debug|Any CPU
		Release|Any CPU = Release|Any CPU
	EndGlobalSection
	GlobalSection(ProjectConfigurationPlatforms) = postSolution
		{0B133315-395D-46CC-8E50-513AB2E88A9E}.Debug|Any CPU.ActiveCfg = Debug|Any CPU
		{0B133315-395D-46CC-8E50-513AB2E88A9E}.Debug|Any CPU.Build.0 = Debug|Any CPU
		{0B133315-395D-46CC-8E50-513AB2E88A9E}.Release|Any CPU.ActiveCfg = Release|Any CPU
		{0B133315-395D-46CC-8E50-513AB2E88A9E}.Release|Any CPU.Build.0 = Release|Any CPU
		{5AF58723-F939-4955-9B29-2A6A0A4CFBA8}.Debug|Any CPU.ActiveCfg = Debug|Any CPU
		{5AF58723-F939-4955-9B29-2A6A0A4CFBA8}.Debug|Any CPU.Build.0 = Debug|Any CPU
		{5AF58723-F939-4955-9B29-2A6A0A4CFBA8}.Release|Any CPU.ActiveCfg = Release|Any CPU
		{5AF58723-F939-4955-9B29-2A6A0A4CFBA8}.Release|Any CPU.Build.0 = Release|Any CPU
		{21C94801-B58A-49F3-8DA2-7A64B48632E0}.Debug|Any CPU.ActiveCfg = Debug|Any CPU
		{21C94801-B58A-49F3-8DA2-7A64B48632E0}.Debug|Any CPU.Build.0 = Debug|Any CPU
		{21C94801-B58A-49F3-8DA2-7A64B48632E0}.Release|Any CPU.ActiveCfg = Release|Any CPU
		{21C94801-B58A-49F3-8DA2-7A64B48632E0}.Release|Any CPU.Build.0 = Release|Any CPU
		{1532F037-944F-4969-81BA-5A7C34E1D299}.Debug|Any CPU.ActiveCfg = Debug|Any CPU
		{1532F037-944F-4969-81BA-5A7C34E1D299}.Debug|Any CPU.Build.0 = Debug|Any CPU
		{1532F037-944F-4969-81BA-5A7C34E1D299}.Release|Any CPU.ActiveCfg = Release|Any CPU
		{1532F037-944F-4969-81BA-5A7C34E1D299}.Release|Any CPU.Build.0 = Release|Any CPU
		{E972B2B2-F549-418E-B830-FB5D97101168}.Debug|Any CPU.ActiveCfg = Debug|Any CPU
		{E972B2B2-F549-418E-B830-FB5D97101168}.Debug|Any CPU.Build.0 = Debug|Any CPU
		{E972B2B2-F549-418E-B830-FB5D97101168}.Release|Any CPU.ActiveCfg = Release|Any CPU
		{E972B2B2-F549-418E-B830-FB5D97101168}.Release|Any CPU.Build.0 = Release|Any CPU
		{1D0DE8C1-0D05-433B-93E7-AAB7A34A93BC}.Debug|Any CPU.ActiveCfg = Debug|Any CPU
		{1D0DE8C1-0D05-433B-93E7-AAB7A34A93BC}.Debug|Any CPU.Build.0 = Debug|Any CPU
		{1D0DE8C1-0D05-433B-93E7-AAB7A34A93BC}.Release|Any CPU.ActiveCfg = Release|Any CPU
		{1D0DE8C1-0D05-433B-93E7-AAB7A34A93BC}.Release|Any CPU.Build.0 = Release|Any CPU
		{EDE99269-D022-4CDE-A896-3A98C98B1D7A}.Debug|Any CPU.ActiveCfg = Debug|Any CPU
		{EDE99269-D022-4CDE-A896-3A98C98B1D7A}.Debug|Any CPU.Build.0 = Debug|Any CPU
		{EDE99269-D022-4CDE-A896-3A98C98B1D7A}.Release|Any CPU.ActiveCfg = Release|Any CPU
		{EDE99269-D022-4CDE-A896-3A98C98B1D7A}.Release|Any CPU.Build.0 = Release|Any CPU
		{22D4AD47-5236-4404-95FF-7FCAE792ED5E}.Debug|Any CPU.ActiveCfg = Debug
		{22D4AD47-5236-4404-95FF-7FCAE792ED5E}.Debug|Any CPU.Build.0 = Debug
		{22D4AD47-5236-4404-95FF-7FCAE792ED5E}.Release|Any CPU.ActiveCfg = Release
		{22D4AD47-5236-4404-95FF-7FCAE792ED5E}.Release|Any CPU.Build.0 = Release
	EndGlobalSection
	GlobalSection(SolutionProperties) = preSolution
		HideSolutionNode = FALSE
	EndGlobalSection
	GlobalSection(NestedProjects) = preSolution
		{0B133315-395D-46CC-8E50-513AB2E88A9E} = {0BCF224A-F0ED-4D7D-ACE7-398C75888F0F}
		{1D0DE8C1-0D05-433B-93E7-AAB7A34A93BC} = {0BCF224A-F0ED-4D7D-ACE7-398C75888F0F}
		{5AF58723-F939-4955-9B29-2A6A0A4CFBA8} = {C76E8675-9290-4C7F-A3AC-2C9CA0C6F2E6}
		{E972B2B2-F549-418E-B830-FB5D97101168} = {C76E8675-9290-4C7F-A3AC-2C9CA0C6F2E6}
		{21C94801-B58A-49F3-8DA2-7A64B48632E0} = {8D8E06DF-2C58-4E98-97BD-5BB8089C51C0}
		{1532F037-944F-4969-81BA-5A7C34E1D299} = {8D8E06DF-2C58-4E98-97BD-5BB8089C51C0}
		{EDE99269-D022-4CDE-A896-3A98C98B1D7A} = {8D8E06DF-2C58-4E98-97BD-5BB8089C51C0}
		{22D4AD47-5236-4404-95FF-7FCAE792ED5E} = {D3F6DCB4-21B6-4310-A7EA-5B3C6D7AED26}
	EndGlobalSection
	GlobalSection(ExtensibilityGlobals) = postSolution
		VisualSVNWorkingCopyRoot = .
	EndGlobalSection
EndGlobal
